
Microsoft Visual Studio Solution File, Format Version 12.00
# Visual Studio Version 17
VisualStudioVersion = 17.9.34714.143
MinimumVisualStudioVersion = 10.0.40219.1
Project("{FAE04EC0-301F-11D3-BF4B-00C04F79EFBC}") = "BookingPlatform.API", "BookingPlatform.API\BookingPlatform.API.csproj", "{3D479141-CB25-46BA-82F9-32B40797EC33}"
EndProject
Global
	GlobalSection(SolutionConfigurationPlatforms) = preSolution
		Debug|Any CPU = Debug|Any CPU
		Release|Any CPU = Release|Any CPU
	EndGlobalSection
	GlobalSection(ProjectConfigurationPlatforms) = postSolution
		{3D479141-CB25-46BA-82F9-32B40797EC33}.Debug|Any CPU.ActiveCfg = Debug|Any CPU
		{3D479141-CB25-46BA-82F9-32B40797EC33}.Debug|Any CPU.Build.0 = Debug|Any CPU
		{3D479141-CB25-46BA-82F9-32B40797EC33}.Release|Any CPU.ActiveCfg = Release|Any CPU
		{3D479141-CB25-46BA-82F9-32B40797EC33}.Release|Any CPU.Build.0 = Release|Any CPU
	EndGlobalSection
	GlobalSection(SolutionProperties) = preSolution
		HideSolutionNode = FALSE
	EndGlobalSection
	GlobalSection(ExtensibilityGlobals) = postSolution
		SolutionGuid = {8F83A6BB-DC13-4A24-BB77-D536DCB1CDFA}
	EndGlobalSection
EndGlobal
